// !$*UTF8*$!
{
	archiveVersion = 1;
	classes = {
	};
	objectVersion = 52;
	objects = {

/* Begin PBXBuildFile section */
		D3C3D2EE26B02A53004C14A0 /* AppDelegate.swift in Sources */ = {isa = PBXBuildFile; fileRef = D3C3D2ED26B02A53004C14A0 /* AppDelegate.swift */; };
		D3C3D2F026B02A53004C14A0 /* SceneDelegate.swift in Sources */ = {isa = PBXBuildFile; fileRef = D3C3D2EF26B02A53004C14A0 /* SceneDelegate.swift */; };
		D3C3D2F526B02A53004C14A0 /* Main.storyboard in Resources */ = {isa = PBXBuildFile; fileRef = D3C3D2F326B02A53004C14A0 /* Main.storyboard */; };
		D3C3D2F726B02A55004C14A0 /* Assets.xcassets in Resources */ = {isa = PBXBuildFile; fileRef = D3C3D2F626B02A55004C14A0 /* Assets.xcassets */; };
		D3C3D2FA26B02A55004C14A0 /* LaunchScreen.storyboard in Resources */ = {isa = PBXBuildFile; fileRef = D3C3D2F826B02A55004C14A0 /* LaunchScreen.storyboard */; };
		D3C3D30426B02AC6004C14A0 /* Extensions.swift in Sources */ = {isa = PBXBuildFile; fileRef = D3C3D30326B02AC6004C14A0 /* Extensions.swift */; };
		D3C3D30626B02AD3004C14A0 /* ViewController.swift in Sources */ = {isa = PBXBuildFile; fileRef = D3C3D30526B02AD3004C14A0 /* ViewController.swift */; };
		D3F2E75D26C540FB00F4D5F3 /* attestr_flowx.xcframework in Frameworks */ = {isa = PBXBuildFile; fileRef = D3F2E75B26C540F300F4D5F3 /* attestr_flowx.xcframework */; };
		D3F2E75E26C540FB00F4D5F3 /* attestr_flowx.xcframework in Embed Frameworks */ = {isa = PBXBuildFile; fileRef = D3F2E75B26C540F300F4D5F3 /* attestr_flowx.xcframework */; settings = {ATTRIBUTES = (CodeSignOnCopy, RemoveHeadersOnCopy, ); }; };
/* End PBXBuildFile section */

/* Begin PBXCopyFilesBuildPhase section */
		D3C3D30926B02AF2004C14A0 /* Embed Frameworks */ = {
			isa = PBXCopyFilesBuildPhase;
			buildActionMask = 2147483647;
			dstPath = "";
			dstSubfolderSpec = 10;
			files = (
				D3F2E75E26C540FB00F4D5F3 /* attestr_flowx.xcframework in Embed Frameworks */,
			);
			name = "Embed Frameworks";
			runOnlyForDeploymentPostprocessing = 0;
		};
/* End PBXCopyFilesBuildPhase section */

/* Begin PBXFileReference section */
		D3C3D2EA26B02A53004C14A0 /* FlowxApp.app */ = {isa = PBXFileReference; explicitFileType = wrapper.application; includeInIndex = 0; path = FlowxApp.app; sourceTree = BUILT_PRODUCTS_DIR; };
		D3C3D2ED26B02A53004C14A0 /* AppDelegate.swift */ = {isa = PBXFileReference; lastKnownFileType = sourcecode.swift; path = AppDelegate.swift; sourceTree = "<group>"; };
		D3C3D2EF26B02A53004C14A0 /* SceneDelegate.swift */ = {isa = PBXFileReference; lastKnownFileType = sourcecode.swift; path = SceneDelegate.swift; sourceTree = "<group>"; };
		D3C3D2F426B02A53004C14A0 /* Base */ = {isa = PBXFileReference; lastKnownFileType = file.storyboard; name = Base; path = Base.lproj/Main.storyboard; sourceTree = "<group>"; };
		D3C3D2F626B02A55004C14A0 /* Assets.xcassets */ = {isa = PBXFileReference; lastKnownFileType = folder.assetcatalog; path = Assets.xcassets; sourceTree = "<group>"; };
		D3C3D2F926B02A55004C14A0 /* Base */ = {isa = PBXFileReference; lastKnownFileType = file.storyboard; name = Base; path = Base.lproj/LaunchScreen.storyboard; sourceTree = "<group>"; };
		D3C3D2FB26B02A55004C14A0 /* Info.plist */ = {isa = PBXFileReference; lastKnownFileType = text.plist.xml; path = Info.plist; sourceTree = "<group>"; };
		D3C3D30326B02AC6004C14A0 /* Extensions.swift */ = {isa = PBXFileReference; fileEncoding = 4; lastKnownFileType = sourcecode.swift; path = Extensions.swift; sourceTree = "<group>"; };
		D3C3D30526B02AD3004C14A0 /* ViewController.swift */ = {isa = PBXFileReference; fileEncoding = 4; lastKnownFileType = sourcecode.swift; path = ViewController.swift; sourceTree = "<group>"; };
		D3F2E75B26C540F300F4D5F3 /* attestr_flowx.xcframework */ = {isa = PBXFileReference; lastKnownFileType = wrapper.xcframework; path = attestr_flowx.xcframework; sourceTree = "<group>"; };
/* End PBXFileReference section */

/* Begin PBXFrameworksBuildPhase section */
		D3C3D2E726B02A53004C14A0 /* Frameworks */ = {
			isa = PBXFrameworksBuildPhase;
			buildActionMask = 2147483647;
			files = (
				D3F2E75D26C540FB00F4D5F3 /* attestr_flowx.xcframework in Frameworks */,
			);
			runOnlyForDeploymentPostprocessing = 0;
		};
/* End PBXFrameworksBuildPhase section */

/* Begin PBXGroup section */
		D3C3D2E126B02A53004C14A0 = {
			isa = PBXGroup;
			children = (
				D3C3D2EC26B02A53004C14A0 /* FlowxApp */,
				D3C3D2EB26B02A53004C14A0 /* Products */,
			);
			sourceTree = "<group>";
		};
		D3C3D2EB26B02A53004C14A0 /* Products */ = {
			isa = PBXGroup;
			children = (
				D3C3D2EA26B02A53004C14A0 /* FlowxApp.app */,
			);
			name = Products;
			sourceTree = "<group>";
		};
		D3C3D2EC26B02A53004C14A0 /* FlowxApp */ = {
			isa = PBXGroup;
			children = (
				D3F2E75B26C540F300F4D5F3 /* attestr_flowx.xcframework */,
				D3C3D2ED26B02A53004C14A0 /* AppDelegate.swift */,
				D3C3D2EF26B02A53004C14A0 /* SceneDelegate.swift */,
				D3C3D30526B02AD3004C14A0 /* ViewController.swift */,
				D3C3D30326B02AC6004C14A0 /* Extensions.swift */,
				D3C3D2F326B02A53004C14A0 /* Main.storyboard */,
				D3C3D2F626B02A55004C14A0 /* Assets.xcassets */,
				D3C3D2F826B02A55004C14A0 /* LaunchScreen.storyboard */,
				D3C3D2FB26B02A55004C14A0 /* Info.plist */,
			);
			path = FlowxApp;
			sourceTree = "<group>";
		};
/* End PBXGroup section */

/* Begin PBXNativeTarget section */
		D3C3D2E926B02A53004C14A0 /* FlowxApp */ = {
			isa = PBXNativeTarget;
			buildConfigurationList = D3C3D2FE26B02A55004C14A0 /* Build configuration list for PBXNativeTarget "FlowxApp" */;
			buildPhases = (
				D3C3D2E626B02A53004C14A0 /* Sources */,
				D3C3D2E726B02A53004C14A0 /* Frameworks */,
				D3C3D2E826B02A53004C14A0 /* Resources */,
				D3C3D30926B02AF2004C14A0 /* Embed Frameworks */,
			);
			buildRules = (
			);
			dependencies = (
			);
			name = FlowxApp;
			productName = "FlowxApp-5";
			productReference = D3C3D2EA26B02A53004C14A0 /* FlowxApp.app */;
			productType = "com.apple.product-type.application";
		};
/* End PBXNativeTarget section */

/* Begin PBXProject section */
		D3C3D2E226B02A53004C14A0 /* Project object */ = {
			isa = PBXProject;
			attributes = {
				LastSwiftUpdateCheck = 1250;
				LastUpgradeCheck = 1250;
				TargetAttributes = {
					D3C3D2E926B02A53004C14A0 = {
						CreatedOnToolsVersion = 12.5;
					};
				};
			};
			buildConfigurationList = D3C3D2E526B02A53004C14A0 /* Build configuration list for PBXProject "FlowxApp" */;
			compatibilityVersion = "Xcode 9.3";
			developmentRegion = en;
			hasScannedForEncodings = 0;
			knownRegions = (
				en,
				Base,
			);
			mainGroup = D3C3D2E126B02A53004C14A0;
			productRefGroup = D3C3D2EB26B02A53004C14A0 /* Products */;
			projectDirPath = "";
			projectRoot = "";
			targets = (
				D3C3D2E926B02A53004C14A0 /* FlowxApp */,
			);
		};
/* End PBXProject section */

/* Begin PBXResourcesBuildPhase section */
		D3C3D2E826B02A53004C14A0 /* Resources */ = {
			isa = PBXResourcesBuildPhase;
			buildActionMask = 2147483647;
			files = (
				D3C3D2FA26B02A55004C14A0 /* LaunchScreen.storyboard in Resources */,
				D3C3D2F726B02A55004C14A0 /* Assets.xcassets in Resources */,
				D3C3D2F526B02A53004C14A0 /* Main.storyboard in Resources */,
			);
			runOnlyForDeploymentPostprocessing = 0;
		};
/* End PBXResourcesBuildPhase section */

/* Begin PBXSourcesBuildPhase section */
		D3C3D2E626B02A53004C14A0 /* Sources */ = {
			isa = PBXSourcesBuildPhase;
			buildActionMask = 2147483647;
			files = (
				D3C3D2EE26B02A53004C14A0 /* AppDelegate.swift in Sources */,
				D3C3D2F026B02A53004C14A0 /* SceneDelegate.swift in Sources */,
				D3C3D30626B02AD3004C14A0 /* ViewController.swift in Sources */,
				D3C3D30426B02AC6004C14A0 /* Extensions.swift in Sources */,
			);
			runOnlyForDeploymentPostprocessing = 0;
		};
/* End PBXSourcesBuildPhase section */

/* Begin PBXVariantGroup section */
		D3C3D2F326B02A53004C14A0 /* Main.storyboard */ = {
			isa = PBXVariantGroup;
			children = (
				D3C3D2F426B02A53004C14A0 /* Base */,
			);
			name = Main.storyboard;
			sourceTree = "<group>";
		};
		D3C3D2F826B02A55004C14A0 /* LaunchScreen.storyboard */ = {
			isa = PBXVariantGroup;
			children = (
				D3C3D2F926B02A55004C14A0 /* Base */,
			);
			name = LaunchScreen.storyboard;
			sourceTree = "<group>";
		};
/* End PBXVariantGroup section */

/* Begin XCBuildConfiguration section */
		D3C3D2FC26B02A55004C14A0 /* Debug */ = {
			isa = XCBuildConfiguration;
			buildSettings = {
				ALWAYS_SEARCH_USER_PATHS = NO;
				CLANG_ANALYZER_NONNULL = YES;
				CLANG_ANALYZER_NUMBER_OBJECT_CONVERSION = YES_AGGRESSIVE;
				CLANG_CXX_LANGUAGE_STANDARD = "gnu++14";
				CLANG_CXX_LIBRARY = "libc++";
				CLANG_ENABLE_MODULES = YES;
				CLANG_ENABLE_OBJC_ARC = YES;
				CLANG_ENABLE_OBJC_WEAK = YES;
				CLANG_WARN_BLOCK_CAPTURE_AUTORELEASING = YES;
				CLANG_WARN_BOOL_CONVERSION = YES;
				CLANG_WARN_COMMA = YES;
				CLANG_WARN_CONSTANT_CONVERSION = YES;
				CLANG_WARN_DEPRECATED_OBJC_IMPLEMENTATIONS = YES;
				CLANG_WARN_DIRECT_OBJC_ISA_USAGE = YES_ERROR;
				CLANG_WARN_DOCUMENTATION_COMMENTS = YES;
				CLANG_WARN_EMPTY_BODY = YES;
				CLANG_WARN_ENUM_CONVERSION = YES;
				CLANG_WARN_INFINITE_RECURSION = YES;
				CLANG_WARN_INT_CONVERSION = YES;
				CLANG_WARN_NON_LITERAL_NULL_CONVERSION = YES;
				CLANG_WARN_OBJC_IMPLICIT_RETAIN_SELF = YES;
				CLANG_WARN_OBJC_LITERAL_CONVERSION = YES;
				CLANG_WARN_OBJC_ROOT_CLASS = YES_ERROR;
				CLANG_WARN_QUOTED_INCLUDE_IN_FRAMEWORK_HEADER = YES;
				CLANG_WARN_RANGE_LOOP_ANALYSIS = YES;
				CLANG_WARN_STRICT_PROTOTYPES = YES;
				CLANG_WARN_SUSPICIOUS_MOVE = YES;
				CLANG_WARN_UNGUARDED_AVAILABILITY = YES_AGGRESSIVE;
				CLANG_WARN_UNREACHABLE_CODE = YES;
				CLANG_WARN__DUPLICATE_METHOD_MATCH = YES;
				COPY_PHASE_STRIP = NO;
				DEBUG_INFORMATION_FORMAT = dwarf;
				ENABLE_STRICT_OBJC_MSGSEND = YES;
				ENABLE_TESTABILITY = YES;
				GCC_C_LANGUAGE_STANDARD = gnu11;
				GCC_DYNAMIC_NO_PIC = NO;
				GCC_NO_COMMON_BLOCKS = YES;
				GCC_OPTIMIZATION_LEVEL = 0;
				GCC_PREPROCESSOR_DEFINITIONS = (
					"DEBUG=1",
					"$(inherited)",
				);
				GCC_WARN_64_TO_32_BIT_CONVERSION = YES;
				GCC_WARN_ABOUT_RETURN_TYPE = YES_ERROR;
				GCC_WARN_UNDECLARED_SELECTOR = YES;
				GCC_WARN_UNINITIALIZED_AUTOS = YES_AGGRESSIVE;
				GCC_WARN_UNUSED_FUNCTION = YES;
				GCC_WARN_UNUSED_VARIABLE = YES;
				IPHONEOS_DEPLOYMENT_TARGET = 10.0;
				MTL_ENABLE_DEBUG_INFO = INCLUDE_SOURCE;
				MTL_FAST_MATH = YES;
				ONLY_ACTIVE_ARCH = YES;
				SDKROOT = iphoneos;
				SWIFT_ACTIVE_COMPILATION_CONDITIONS = DEBUG;
				SWIFT_OPTIMIZATION_LEVEL = "-Onone";
				SWIFT_VERSION = 5.0;
			};
			name = Debug;
		};
		D3C3D2FD26B02A55004C14A0 /* Release */ = {
			isa = XCBuildConfiguration;
			buildSettings = {
				ALWAYS_SEARCH_USER_PATHS = NO;
				CLANG_ANALYZER_NONNULL = YES;
				CLANG_ANALYZER_NUMBER_OBJECT_CONVERSION = YES_AGGRESSIVE;
				CLANG_CXX_LANGUAGE_STANDARD = "gnu++14";
				CLANG_CXX_LIBRARY = "libc++";
				CLANG_ENABLE_MODULES = YES;
				CLANG_ENABLE_OBJC_ARC = YES;
				CLANG_ENABLE_OBJC_WEAK = YES;
				CLANG_WARN_BLOCK_CAPTURE_AUTORELEASING = YES;
				CLANG_WARN_BOOL_CONVERSION = YES;
				CLANG_WARN_COMMA = YES;
				CLANG_WARN_CONSTANT_CONVERSION = YES;
				CLANG_WARN_DEPRECATED_OBJC_IMPLEMENTATIONS = YES;
				CLANG_WARN_DIRECT_OBJC_ISA_USAGE = YES_ERROR;
				CLANG_WARN_DOCUMENTATION_COMMENTS = YES;
				CLANG_WARN_EMPTY_BODY = YES;
				CLANG_WARN_ENUM_CONVERSION = YES;
				CLANG_WARN_INFINITE_RECURSION = YES;
				CLANG_WARN_INT_CONVERSION = YES;
				CLANG_WARN_NON_LITERAL_NULL_CONVERSION = YES;
				CLANG_WARN_OBJC_IMPLICIT_RETAIN_SELF = YES;
				CLANG_WARN_OBJC_LITERAL_CONVERSION = YES;
				CLANG_WARN_OBJC_ROOT_CLASS = YES_ERROR;
				CLANG_WARN_QUOTED_INCLUDE_IN_FRAMEWORK_HEADER = YES;
				CLANG_WARN_RANGE_LOOP_ANALYSIS = YES;
				CLANG_WARN_STRICT_PROTOTYPES = YES;
				CLANG_WARN_SUSPICIOUS_MOVE = YES;
				CLANG_WARN_UNGUARDED_AVAILABILITY = YES_AGGRESSIVE;
				CLANG_WARN_UNREACHABLE_CODE = YES;
				CLANG_WARN__DUPLICATE_METHOD_MATCH = YES;
				COPY_PHASE_STRIP = NO;
				DEBUG_INFORMATION_FORMAT = "dwarf-with-dsym";
				ENABLE_NS_ASSERTIONS = NO;
				ENABLE_STRICT_OBJC_MSGSEND = YES;
				GCC_C_LANGUAGE_STANDARD = gnu11;
				GCC_NO_COMMON_BLOCKS = YES;
				GCC_WARN_64_TO_32_BIT_CONVERSION = YES;
				GCC_WARN_ABOUT_RETURN_TYPE = YES_ERROR;
				GCC_WARN_UNDECLARED_SELECTOR = YES;
				GCC_WARN_UNINITIALIZED_AUTOS = YES_AGGRESSIVE;
				GCC_WARN_UNUSED_FUNCTION = YES;
				GCC_WARN_UNUSED_VARIABLE = YES;
				IPHONEOS_DEPLOYMENT_TARGET = 10.0;
				MTL_ENABLE_DEBUG_INFO = NO;
				MTL_FAST_MATH = YES;
				SDKROOT = iphoneos;
				SWIFT_COMPILATION_MODE = wholemodule;
				SWIFT_OPTIMIZATION_LEVEL = "-O";
				SWIFT_VERSION = 5.0;
				VALIDATE_PRODUCT = YES;
			};
			name = Release;
		};
		D3C3D2FF26B02A55004C14A0 /* Debug */ = {
			isa = XCBuildConfiguration;
			buildSettings = {
				ASSETCATALOG_COMPILER_APPICON_NAME = AppIcon;
				ASSETCATALOG_COMPILER_GLOBAL_ACCENT_COLOR_NAME = AccentColor;
				CODE_SIGN_STYLE = Automatic;
				DEVELOPMENT_TEAM = 75RJV9M629;
				EMBED_ASSET_PACKS_IN_PRODUCT_BUNDLE = YES;
				FRAMEWORK_SEARCH_PATHS = (
					"$(inherited)",
					"$(PROJECT_DIR)/FlowxApp-5",
				);
				INFOPLIST_FILE = FlowxApp/Info.plist;
				IPHONEOS_DEPLOYMENT_TARGET = 10.0;
				LD_RUNPATH_SEARCH_PATHS = (
					"$(inherited)",
					"@executable_path/Frameworks",
				);
				PRODUCT_BUNDLE_IDENTIFIER = Attestr.FlowxApp;
				PRODUCT_NAME = "$(TARGET_NAME)";
				SWIFT_VERSION = 5.0;
				TARGETED_DEVICE_FAMILY = "1,2";
			};
			name = Debug;
		};
		D3C3D30026B02A55004C14A0 /* Release */ = {
			isa = XCBuildConfiguration;
			buildSettings = {
				ASSETCATALOG_COMPILER_APPICON_NAME = AppIcon;
				ASSETCATALOG_COMPILER_GLOBAL_ACCENT_COLOR_NAME = AccentColor;
				CODE_SIGN_STYLE = Automatic;
				DEVELOPMENT_TEAM = 75RJV9M629;
				EMBED_ASSET_PACKS_IN_PRODUCT_BUNDLE = YES;
				FRAMEWORK_SEARCH_PATHS = (
					"$(inherited)",
					"$(PROJECT_DIR)/FlowxApp-5",
				);
				INFOPLIST_FILE = FlowxApp/Info.plist;
				IPHONEOS_DEPLOYMENT_TARGET = 10.0;
				LD_RUNPATH_SEARCH_PATHS = (
					"$(inherited)",
					"@executable_path/Frameworks",
				);
				PRODUCT_BUNDLE_IDENTIFIER = Attestr.FlowxApp;
				PRODUCT_NAME = "$(TARGET_NAME)";
				SWIFT_VERSION = 5.0;
				TARGETED_DEVICE_FAMILY = "1,2";
			};
			name = Release;
		};
/* End XCBuildConfiguration section */

/* Begin XCConfigurationList section */
		D3C3D2E526B02A53004C14A0 /* Build configuration list for PBXProject "FlowxApp" */ = {
			isa = XCConfigurationList;
			buildConfigurations = (
				D3C3D2FC26B02A55004C14A0 /* Debug */,
				D3C3D2FD26B02A55004C14A0 /* Release */,
			);
			defaultConfigurationIsVisible = 0;
			defaultConfigurationName = Release;
		};
		D3C3D2FE26B02A55004C14A0 /* Build configuration list for PBXNativeTarget "FlowxApp" */ = {
			isa = XCConfigurationList;
			buildConfigurations = (
				D3C3D2FF26B02A55004C14A0 /* Debug */,
				D3C3D30026B02A55004C14A0 /* Release */,
			);
			defaultConfigurationIsVisible = 0;
			defaultConfigurationName = Release;
		};
/* End XCConfigurationList section */
	};
	rootObject = D3C3D2E226B02A53004C14A0 /* Project object */;
}
